
Microsoft Visual Studio Solution File, Format Version 12.00
Project("{FAE04EC0-301F-11D3-BF4B-00C04F79EFBC}") = "Selenium", "Selenium.csproj", "{80331A55-AC23-48AA-85E8-D9DA687453D5}"
EndProject
Global
	GlobalSection(SolutionConfigurationPlatforms) = preSolution
		Debug|Any CPU = Debug|Any CPU
		Release|Any CPU = Release|Any CPU
	EndGlobalSection
	GlobalSection(ProjectConfigurationPlatforms) = postSolution
		{80331A55-AC23-48AA-85E8-D9DA687453D5}.Debug|Any CPU.ActiveCfg = Debug|Any CPU
		{80331A55-AC23-48AA-85E8-D9DA687453D5}.Debug|Any CPU.Build.0 = Debug|Any CPU
		{80331A55-AC23-48AA-85E8-D9DA687453D5}.Release|Any CPU.ActiveCfg = Release|Any CPU
		{80331A55-AC23-48AA-85E8-D9DA687453D5}.Release|Any CPU.Build.0 = Release|Any CPU
	EndGlobalSection
EndGlobal
